// !$*UTF8*$!
{
	archiveVersion = 1;
	classes = {
	};
	objectVersion = 56;
	objects = {

/* Begin PBXBuildFile section */
		48A9D2762C3D2BB0004D9AC9 /* AppDelegate.swift in Sources */ = {isa = PBXBuildFile; fileRef = 48A9D2752C3D2BB0004D9AC9 /* AppDelegate.swift */; };
		48A9D2782C3D2BB0004D9AC9 /* SceneDelegate.swift in Sources */ = {isa = PBXBuildFile; fileRef = 48A9D2772C3D2BB0004D9AC9 /* SceneDelegate.swift */; };
		48A9D27A2C3D2BB0004D9AC9 /* ViewController.swift in Sources */ = {isa = PBXBuildFile; fileRef = 48A9D2792C3D2BB0004D9AC9 /* ViewController.swift */; };
		48A9D27F2C3D2BB2004D9AC9 /* Assets.xcassets in Resources */ = {isa = PBXBuildFile; fileRef = 48A9D27E2C3D2BB2004D9AC9 /* Assets.xcassets */; };
		48A9D2822C3D2BB2004D9AC9 /* Base in Resources */ = {isa = PBXBuildFile; fileRef = 48A9D2812C3D2BB2004D9AC9 /* Base */; };
		48A9D28B2C3D58EE004D9AC9 /* SnapKit in Frameworks */ = {isa = PBXBuildFile; productRef = 48A9D28A2C3D58EE004D9AC9 /* SnapKit */; };
		48A9D28D2C3D59FC004D9AC9 /* ItemTableViewCell.swift in Sources */ = {isa = PBXBuildFile; fileRef = 48A9D28C2C3D59FC004D9AC9 /* ItemTableViewCell.swift */; };
		48A9D2912C3D5AB0004D9AC9 /* Item.swift in Sources */ = {isa = PBXBuildFile; fileRef = 48A9D2902C3D5AB0004D9AC9 /* Item.swift */; };
		48A9D2942C3D820A004D9AC9 /* SecondViewController.swift in Sources */ = {isa = PBXBuildFile; fileRef = 48A9D2932C3D820A004D9AC9 /* SecondViewController.swift */; };
		48A9D2962C3D8697004D9AC9 /* ThirdViewController.swift in Sources */ = {isa = PBXBuildFile; fileRef = 48A9D2952C3D8697004D9AC9 /* ThirdViewController.swift */; };
		48A9D2982C3D9FFA004D9AC9 /* PhotosTableViewCell.swift in Sources */ = {isa = PBXBuildFile; fileRef = 48A9D2972C3D9FFA004D9AC9 /* PhotosTableViewCell.swift */; };
/* End PBXBuildFile section */

/* Begin PBXFileReference section */
		48A9D2722C3D2BB0004D9AC9 /* UIKIT6.app */ = {isa = PBXFileReference; explicitFileType = wrapper.application; includeInIndex = 0; path = UIKIT6.app; sourceTree = BUILT_PRODUCTS_DIR; };
		48A9D2752C3D2BB0004D9AC9 /* AppDelegate.swift */ = {isa = PBXFileReference; lastKnownFileType = sourcecode.swift; path = AppDelegate.swift; sourceTree = "<group>"; };
		48A9D2772C3D2BB0004D9AC9 /* SceneDelegate.swift */ = {isa = PBXFileReference; lastKnownFileType = sourcecode.swift; path = SceneDelegate.swift; sourceTree = "<group>"; };
		48A9D2792C3D2BB0004D9AC9 /* ViewController.swift */ = {isa = PBXFileReference; lastKnownFileType = sourcecode.swift; path = ViewController.swift; sourceTree = "<group>"; };
		48A9D27E2C3D2BB2004D9AC9 /* Assets.xcassets */ = {isa = PBXFileReference; lastKnownFileType = folder.assetcatalog; path = Assets.xcassets; sourceTree = "<group>"; };
		48A9D2812C3D2BB2004D9AC9 /* Base */ = {isa = PBXFileReference; lastKnownFileType = file.storyboard; name = Base; path = Base.lproj/LaunchScreen.storyboard; sourceTree = "<group>"; };
		48A9D2832C3D2BB2004D9AC9 /* Info.plist */ = {isa = PBXFileReference; lastKnownFileType = text.plist.xml; path = Info.plist; sourceTree = "<group>"; };
		48A9D28C2C3D59FC004D9AC9 /* ItemTableViewCell.swift */ = {isa = PBXFileReference; lastKnownFileType = sourcecode.swift; path = ItemTableViewCell.swift; sourceTree = "<group>"; };
		48A9D2902C3D5AB0004D9AC9 /* Item.swift */ = {isa = PBXFileReference; lastKnownFileType = sourcecode.swift; path = Item.swift; sourceTree = "<group>"; };
		48A9D2932C3D820A004D9AC9 /* SecondViewController.swift */ = {isa = PBXFileReference; lastKnownFileType = sourcecode.swift; path = SecondViewController.swift; sourceTree = "<group>"; };
		48A9D2952C3D8697004D9AC9 /* ThirdViewController.swift */ = {isa = PBXFileReference; lastKnownFileType = sourcecode.swift; path = ThirdViewController.swift; sourceTree = "<group>"; };
		48A9D2972C3D9FFA004D9AC9 /* PhotosTableViewCell.swift */ = {isa = PBXFileReference; lastKnownFileType = sourcecode.swift; path = PhotosTableViewCell.swift; sourceTree = "<group>"; };
/* End PBXFileReference section */

/* Begin PBXFrameworksBuildPhase section */
		48A9D26F2C3D2BB0004D9AC9 /* Frameworks */ = {
			isa = PBXFrameworksBuildPhase;
			buildActionMask = 2147483647;
			files = (
				48A9D28B2C3D58EE004D9AC9 /* SnapKit in Frameworks */,
			);
			runOnlyForDeploymentPostprocessing = 0;
		};
/* End PBXFrameworksBuildPhase section */

/* Begin PBXGroup section */
		48A9D2692C3D2BB0004D9AC9 = {
			isa = PBXGroup;
			children = (
				48A9D2742C3D2BB0004D9AC9 /* UIKIT6 */,
				48A9D2732C3D2BB0004D9AC9 /* Products */,
			);
			sourceTree = "<group>";
		};
		48A9D2732C3D2BB0004D9AC9 /* Products */ = {
			isa = PBXGroup;
			children = (
				48A9D2722C3D2BB0004D9AC9 /* UIKIT6.app */,
			);
			name = Products;
			sourceTree = "<group>";
		};
		48A9D2742C3D2BB0004D9AC9 /* UIKIT6 */ = {
			isa = PBXGroup;
			children = (
				48A9D2752C3D2BB0004D9AC9 /* AppDelegate.swift */,
				48A9D2772C3D2BB0004D9AC9 /* SceneDelegate.swift */,
				48A9D2922C3D5AB4004D9AC9 /* Model */,
				48A9D28F2C3D5A9A004D9AC9 /* Controller */,
				48A9D28E2C3D5A94004D9AC9 /* View */,
				48A9D27E2C3D2BB2004D9AC9 /* Assets.xcassets */,
				48A9D2802C3D2BB2004D9AC9 /* LaunchScreen.storyboard */,
				48A9D2832C3D2BB2004D9AC9 /* Info.plist */,
			);
			path = UIKIT6;
			sourceTree = "<group>";
		};
		48A9D28E2C3D5A94004D9AC9 /* View */ = {
			isa = PBXGroup;
			children = (
				48A9D28C2C3D59FC004D9AC9 /* ItemTableViewCell.swift */,
				48A9D2972C3D9FFA004D9AC9 /* PhotosTableViewCell.swift */,
			);
			path = View;
			sourceTree = "<group>";
		};
		48A9D28F2C3D5A9A004D9AC9 /* Controller */ = {
			isa = PBXGroup;
			children = (
				48A9D2792C3D2BB0004D9AC9 /* ViewController.swift */,
				48A9D2932C3D820A004D9AC9 /* SecondViewController.swift */,
				48A9D2952C3D8697004D9AC9 /* ThirdViewController.swift */,
			);
			path = Controller;
			sourceTree = "<group>";
		};
		48A9D2922C3D5AB4004D9AC9 /* Model */ = {
			isa = PBXGroup;
			children = (
				48A9D2902C3D5AB0004D9AC9 /* Item.swift */,
			);
			path = Model;
			sourceTree = "<group>";
		};
/* End PBXGroup section */

/* Begin PBXNativeTarget section */
		48A9D2712C3D2BB0004D9AC9 /* UIKIT6 */ = {
			isa = PBXNativeTarget;
			buildConfigurationList = 48A9D2862C3D2BB2004D9AC9 /* Build configuration list for PBXNativeTarget "UIKIT6" */;
			buildPhases = (
				48A9D26E2C3D2BB0004D9AC9 /* Sources */,
				48A9D26F2C3D2BB0004D9AC9 /* Frameworks */,
				48A9D2702C3D2BB0004D9AC9 /* Resources */,
			);
			buildRules = (
			);
			dependencies = (
			);
			name = UIKIT6;
			packageProductDependencies = (
				48A9D28A2C3D58EE004D9AC9 /* SnapKit */,
			);
			productName = UIKIT6;
			productReference = 48A9D2722C3D2BB0004D9AC9 /* UIKIT6.app */;
			productType = "com.apple.product-type.application";
		};
/* End PBXNativeTarget section */

/* Begin PBXProject section */
		48A9D26A2C3D2BB0004D9AC9 /* Project object */ = {
			isa = PBXProject;
			attributes = {
				BuildIndependentTargetsInParallel = 1;
				LastSwiftUpdateCheck = 1530;
				LastUpgradeCheck = 1530;
				TargetAttributes = {
					48A9D2712C3D2BB0004D9AC9 = {
						CreatedOnToolsVersion = 15.3;
					};
				};
			};
			buildConfigurationList = 48A9D26D2C3D2BB0004D9AC9 /* Build configuration list for PBXProject "UIKIT6" */;
			compatibilityVersion = "Xcode 14.0";
			developmentRegion = en;
			hasScannedForEncodings = 0;
			knownRegions = (
				en,
				Base,
			);
			mainGroup = 48A9D2692C3D2BB0004D9AC9;
			packageReferences = (
				48A9D2892C3D58EE004D9AC9 /* XCRemoteSwiftPackageReference "SnapKit" */,
			);
			productRefGroup = 48A9D2732C3D2BB0004D9AC9 /* Products */;
			projectDirPath = "";
			projectRoot = "";
			targets = (
				48A9D2712C3D2BB0004D9AC9 /* UIKIT6 */,
			);
		};
/* End PBXProject section */

/* Begin PBXResourcesBuildPhase section */
		48A9D2702C3D2BB0004D9AC9 /* Resources */ = {
			isa = PBXResourcesBuildPhase;
			buildActionMask = 2147483647;
			files = (
				48A9D27F2C3D2BB2004D9AC9 /* Assets.xcassets in Resources */,
				48A9D2822C3D2BB2004D9AC9 /* Base in Resources */,
			);
			runOnlyForDeploymentPostprocessing = 0;
		};
/* End PBXResourcesBuildPhase section */

/* Begin PBXSourcesBuildPhase section */
		48A9D26E2C3D2BB0004D9AC9 /* Sources */ = {
			isa = PBXSourcesBuildPhase;
			buildActionMask = 2147483647;
			files = (
				48A9D2942C3D820A004D9AC9 /* SecondViewController.swift in Sources */,
				48A9D2912C3D5AB0004D9AC9 /* Item.swift in Sources */,
				48A9D28D2C3D59FC004D9AC9 /* ItemTableViewCell.swift in Sources */,
				48A9D2962C3D8697004D9AC9 /* ThirdViewController.swift in Sources */,
				48A9D2982C3D9FFA004D9AC9 /* PhotosTableViewCell.swift in Sources */,
				48A9D27A2C3D2BB0004D9AC9 /* ViewController.swift in Sources */,
				48A9D2762C3D2BB0004D9AC9 /* AppDelegate.swift in Sources */,
				48A9D2782C3D2BB0004D9AC9 /* SceneDelegate.swift in Sources */,
			);
			runOnlyForDeploymentPostprocessing = 0;
		};
/* End PBXSourcesBuildPhase section */

/* Begin PBXVariantGroup section */
		48A9D2802C3D2BB2004D9AC9 /* LaunchScreen.storyboard */ = {
			isa = PBXVariantGroup;
			children = (
				48A9D2812C3D2BB2004D9AC9 /* Base */,
			);
			name = LaunchScreen.storyboard;
			sourceTree = "<group>";
		};
/* End PBXVariantGroup section */

/* Begin XCBuildConfiguration section */
		48A9D2842C3D2BB2004D9AC9 /* Debug */ = {
			isa = XCBuildConfiguration;
			buildSettings = {
				ALWAYS_SEARCH_USER_PATHS = NO;
				ASSETCATALOG_COMPILER_GENERATE_SWIFT_ASSET_SYMBOL_EXTENSIONS = YES;
				CLANG_ANALYZER_NONNULL = YES;
				CLANG_ANALYZER_NUMBER_OBJECT_CONVERSION = YES_AGGRESSIVE;
				CLANG_CXX_LANGUAGE_STANDARD = "gnu++20";
				CLANG_ENABLE_MODULES = YES;
				CLANG_ENABLE_OBJC_ARC = YES;
				CLANG_ENABLE_OBJC_WEAK = YES;
				CLANG_WARN_BLOCK_CAPTURE_AUTORELEASING = YES;
				CLANG_WARN_BOOL_CONVERSION = YES;
				CLANG_WARN_COMMA = YES;
				CLANG_WARN_CONSTANT_CONVERSION = YES;
				CLANG_WARN_DEPRECATED_OBJC_IMPLEMENTATIONS = YES;
				CLANG_WARN_DIRECT_OBJC_ISA_USAGE = YES_ERROR;
				CLANG_WARN_DOCUMENTATION_COMMENTS = YES;
				CLANG_WARN_EMPTY_BODY = YES;
				CLANG_WARN_ENUM_CONVERSION = YES;
				CLANG_WARN_INFINITE_RECURSION = YES;
				CLANG_WARN_INT_CONVERSION = YES;
				CLANG_WARN_NON_LITERAL_NULL_CONVERSION = YES;
				CLANG_WARN_OBJC_IMPLICIT_RETAIN_SELF = YES;
				CLANG_WARN_OBJC_LITERAL_CONVERSION = YES;
				CLANG_WARN_OBJC_ROOT_CLASS = YES_ERROR;
				CLANG_WARN_QUOTED_INCLUDE_IN_FRAMEWORK_HEADER = YES;
				CLANG_WARN_RANGE_LOOP_ANALYSIS = YES;
				CLANG_WARN_STRICT_PROTOTYPES = YES;
				CLANG_WARN_SUSPICIOUS_MOVE = YES;
				CLANG_WARN_UNGUARDED_AVAILABILITY = YES_AGGRESSIVE;
				CLANG_WARN_UNREACHABLE_CODE = YES;
				CLANG_WARN__DUPLICATE_METHOD_MATCH = YES;
				COPY_PHASE_STRIP = NO;
				DEBUG_INFORMATION_FORMAT = dwarf;
				ENABLE_STRICT_OBJC_MSGSEND = YES;
				ENABLE_TESTABILITY = YES;
				ENABLE_USER_SCRIPT_SANDBOXING = YES;
				GCC_C_LANGUAGE_STANDARD = gnu17;
				GCC_DYNAMIC_NO_PIC = NO;
				GCC_NO_COMMON_BLOCKS = YES;
				GCC_OPTIMIZATION_LEVEL = 0;
				GCC_PREPROCESSOR_DEFINITIONS = (
					"DEBUG=1",
					"$(inherited)",
				);
				GCC_WARN_64_TO_32_BIT_CONVERSION = YES;
				GCC_WARN_ABOUT_RETURN_TYPE = YES_ERROR;
				GCC_WARN_UNDECLARED_SELECTOR = YES;
				GCC_WARN_UNINITIALIZED_AUTOS = YES_AGGRESSIVE;
				GCC_WARN_UNUSED_FUNCTION = YES;
				GCC_WARN_UNUSED_VARIABLE = YES;
				IPHONEOS_DEPLOYMENT_TARGET = 17.4;
				LOCALIZATION_PREFERS_STRING_CATALOGS = YES;
				MTL_ENABLE_DEBUG_INFO = INCLUDE_SOURCE;
				MTL_FAST_MATH = YES;
				ONLY_ACTIVE_ARCH = YES;
				SDKROOT = iphoneos;
				SWIFT_ACTIVE_COMPILATION_CONDITIONS = "DEBUG $(inherited)";
				SWIFT_OPTIMIZATION_LEVEL = "-Onone";
			};
			name = Debug;
		};
		48A9D2852C3D2BB2004D9AC9 /* Release */ = {
			isa = XCBuildConfiguration;
			buildSettings = {
				ALWAYS_SEARCH_USER_PATHS = NO;
				ASSETCATALOG_COMPILER_GENERATE_SWIFT_ASSET_SYMBOL_EXTENSIONS = YES;
				CLANG_ANALYZER_NONNULL = YES;
				CLANG_ANALYZER_NUMBER_OBJECT_CONVERSION = YES_AGGRESSIVE;
				CLANG_CXX_LANGUAGE_STANDARD = "gnu++20";
				CLANG_ENABLE_MODULES = YES;
				CLANG_ENABLE_OBJC_ARC = YES;
				CLANG_ENABLE_OBJC_WEAK = YES;
				CLANG_WARN_BLOCK_CAPTURE_AUTORELEASING = YES;
				CLANG_WARN_BOOL_CONVERSION = YES;
				CLANG_WARN_COMMA = YES;
				CLANG_WARN_CONSTANT_CONVERSION = YES;
				CLANG_WARN_DEPRECATED_OBJC_IMPLEMENTATIONS = YES;
				CLANG_WARN_DIRECT_OBJC_ISA_USAGE = YES_ERROR;
				CLANG_WARN_DOCUMENTATION_COMMENTS = YES;
				CLANG_WARN_EMPTY_BODY = YES;
				CLANG_WARN_ENUM_CONVERSION = YES;
				CLANG_WARN_INFINITE_RECURSION = YES;
				CLANG_WARN_INT_CONVERSION = YES;
				CLANG_WARN_NON_LITERAL_NULL_CONVERSION = YES;
				CLANG_WARN_OBJC_IMPLICIT_RETAIN_SELF = YES;
				CLANG_WARN_OBJC_LITERAL_CONVERSION = YES;
				CLANG_WARN_OBJC_ROOT_CLASS = YES_ERROR;
				CLANG_WARN_QUOTED_INCLUDE_IN_FRAMEWORK_HEADER = YES;
				CLANG_WARN_RANGE_LOOP_ANALYSIS = YES;
				CLANG_WARN_STRICT_PROTOTYPES = YES;
				CLANG_WARN_SUSPICIOUS_MOVE = YES;
				CLANG_WARN_UNGUARDED_AVAILABILITY = YES_AGGRESSIVE;
				CLANG_WARN_UNREACHABLE_CODE = YES;
				CLANG_WARN__DUPLICATE_METHOD_MATCH = YES;
				COPY_PHASE_STRIP = NO;
				DEBUG_INFORMATION_FORMAT = "dwarf-with-dsym";
				ENABLE_NS_ASSERTIONS = NO;
				ENABLE_STRICT_OBJC_MSGSEND = YES;
				ENABLE_USER_SCRIPT_SANDBOXING = YES;
				GCC_C_LANGUAGE_STANDARD = gnu17;
				GCC_NO_COMMON_BLOCKS = YES;
				GCC_WARN_64_TO_32_BIT_CONVERSION = YES;
				GCC_WARN_ABOUT_RETURN_TYPE = YES_ERROR;
				GCC_WARN_UNDECLARED_SELECTOR = YES;
				GCC_WARN_UNINITIALIZED_AUTOS = YES_AGGRESSIVE;
				GCC_WARN_UNUSED_FUNCTION = YES;
				GCC_WARN_UNUSED_VARIABLE = YES;
				IPHONEOS_DEPLOYMENT_TARGET = 17.4;
				LOCALIZATION_PREFERS_STRING_CATALOGS = YES;
				MTL_ENABLE_DEBUG_INFO = NO;
				MTL_FAST_MATH = YES;
				SDKROOT = iphoneos;
				SWIFT_COMPILATION_MODE = wholemodule;
				VALIDATE_PRODUCT = YES;
			};
			name = Release;
		};
		48A9D2872C3D2BB2004D9AC9 /* Debug */ = {
			isa = XCBuildConfiguration;
			buildSettings = {
				ASSETCATALOG_COMPILER_APPICON_NAME = AppIcon;
				ASSETCATALOG_COMPILER_GLOBAL_ACCENT_COLOR_NAME = AccentColor;
				CODE_SIGN_STYLE = Automatic;
				CURRENT_PROJECT_VERSION = 1;
				GENERATE_INFOPLIST_FILE = YES;
				INFOPLIST_FILE = UIKIT6/Info.plist;
				INFOPLIST_KEY_UIApplicationSupportsIndirectInputEvents = YES;
				INFOPLIST_KEY_UILaunchStoryboardName = LaunchScreen;
				INFOPLIST_KEY_UISupportedInterfaceOrientations_iPad = "UIInterfaceOrientationPortrait UIInterfaceOrientationPortraitUpsideDown UIInterfaceOrientationLandscapeLeft UIInterfaceOrientationLandscapeRight";
				INFOPLIST_KEY_UISupportedInterfaceOrientations_iPhone = "UIInterfaceOrientationPortrait UIInterfaceOrientationLandscapeLeft UIInterfaceOrientationLandscapeRight";
				IPHONEOS_DEPLOYMENT_TARGET = 16.0;
				LD_RUNPATH_SEARCH_PATHS = (
					"$(inherited)",
					"@executable_path/Frameworks",
				);
				MARKETING_VERSION = 1.0;
				PRODUCT_BUNDLE_IDENTIFIER = com.sivozelezov.UIKIT6;
				PRODUCT_NAME = "$(TARGET_NAME)";
				SUPPORTED_PLATFORMS = "iphoneos iphonesimulator";
				SUPPORTS_MACCATALYST = NO;
				SUPPORTS_MAC_DESIGNED_FOR_IPHONE_IPAD = NO;
				SUPPORTS_XR_DESIGNED_FOR_IPHONE_IPAD = NO;
				SWIFT_EMIT_LOC_STRINGS = YES;
				SWIFT_VERSION = 5.0;
				TARGETED_DEVICE_FAMILY = 1;
			};
			name = Debug;
		};
		48A9D2882C3D2BB2004D9AC9 /* Release */ = {
			isa = XCBuildConfiguration;
			buildSettings = {
				ASSETCATALOG_COMPILER_APPICON_NAME = AppIcon;
				ASSETCATALOG_COMPILER_GLOBAL_ACCENT_COLOR_NAME = AccentColor;
				CODE_SIGN_STYLE = Automatic;
				CURRENT_PROJECT_VERSION = 1;
				GENERATE_INFOPLIST_FILE = YES;
				INFOPLIST_FILE = UIKIT6/Info.plist;
				INFOPLIST_KEY_UIApplicationSupportsIndirectInputEvents = YES;
				INFOPLIST_KEY_UILaunchStoryboardName = LaunchScreen;
				INFOPLIST_KEY_UISupportedInterfaceOrientations_iPad = "UIInterfaceOrientationPortrait UIInterfaceOrientationPortraitUpsideDown UIInterfaceOrientationLandscapeLeft UIInterfaceOrientationLandscapeRight";
				INFOPLIST_KEY_UISupportedInterfaceOrientations_iPhone = "UIInterfaceOrientationPortrait UIInterfaceOrientationLandscapeLeft UIInterfaceOrientationLandscapeRight";
				IPHONEOS_DEPLOYMENT_TARGET = 16.0;
				LD_RUNPATH_SEARCH_PATHS = (
					"$(inherited)",
					"@executable_path/Frameworks",
				);
				MARKETING_VERSION = 1.0;
				PRODUCT_BUNDLE_IDENTIFIER = com.sivozelezov.UIKIT6;
				PRODUCT_NAME = "$(TARGET_NAME)";
				SUPPORTED_PLATFORMS = "iphoneos iphonesimulator";
				SUPPORTS_MACCATALYST = NO;
				SUPPORTS_MAC_DESIGNED_FOR_IPHONE_IPAD = NO;
				SUPPORTS_XR_DESIGNED_FOR_IPHONE_IPAD = NO;
				SWIFT_EMIT_LOC_STRINGS = YES;
				SWIFT_VERSION = 5.0;
				TARGETED_DEVICE_FAMILY = 1;
			};
			name = Release;
		};
/* End XCBuildConfiguration section */

/* Begin XCConfigurationList section */
		48A9D26D2C3D2BB0004D9AC9 /* Build configuration list for PBXProject "UIKIT6" */ = {
			isa = XCConfigurationList;
			buildConfigurations = (
				48A9D2842C3D2BB2004D9AC9 /* Debug */,
				48A9D2852C3D2BB2004D9AC9 /* Release */,
			);
			defaultConfigurationIsVisible = 0;
			defaultConfigurationName = Release;
		};
		48A9D2862C3D2BB2004D9AC9 /* Build configuration list for PBXNativeTarget "UIKIT6" */ = {
			isa = XCConfigurationList;
			buildConfigurations = (
				48A9D2872C3D2BB2004D9AC9 /* Debug */,
				48A9D2882C3D2BB2004D9AC9 /* Release */,
			);
			defaultConfigurationIsVisible = 0;
			defaultConfigurationName = Release;
		};
/* End XCConfigurationList section */

/* Begin XCRemoteSwiftPackageReference section */
		48A9D2892C3D58EE004D9AC9 /* XCRemoteSwiftPackageReference "SnapKit" */ = {
			isa = XCRemoteSwiftPackageReference;
			repositoryURL = "https://github.com/SnapKit/SnapKit";
			requirement = {
				kind = upToNextMajorVersion;
				minimumVersion = 5.7.1;
			};
		};
/* End XCRemoteSwiftPackageReference section */

/* Begin XCSwiftPackageProductDependency section */
		48A9D28A2C3D58EE004D9AC9 /* SnapKit */ = {
			isa = XCSwiftPackageProductDependency;
			package = 48A9D2892C3D58EE004D9AC9 /* XCRemoteSwiftPackageReference "SnapKit" */;
			productName = SnapKit;
		};
/* End XCSwiftPackageProductDependency section */
	};
	rootObject = 48A9D26A2C3D2BB0004D9AC9 /* Project object */;
}
